
Microsoft Visual Studio Solution File, Format Version 12.00
# Visual Studio Version 16
VisualStudioVersion = 16.0.33801.447
MinimumVisualStudioVersion = 10.0.40219.1
Project("{D2ABAB84-BF74-430A-B69E-9DC6D40DDA17}") = "AdventureWorksDWproject", "AdventureWorksDWproject\AdventureWorksDWproject.dwproj", "{F8EA4081-BCCD-4FEF-9C4F-1B898C6790D2}"
EndProject
Global
	GlobalSection(SolutionConfigurationPlatforms) = preSolution
		Development|Default = Development|Default
	EndGlobalSection
	GlobalSection(ProjectConfigurationPlatforms) = postSolution
		{F8EA4081-BCCD-4FEF-9C4F-1B898C6790D2}.Development|Default.ActiveCfg = Development
		{F8EA4081-BCCD-4FEF-9C4F-1B898C6790D2}.Development|Default.Build.0 = Development
		{F8EA4081-BCCD-4FEF-9C4F-1B898C6790D2}.Development|Default.Deploy.0 = Development
	EndGlobalSection
	GlobalSection(SolutionProperties) = preSolution
		HideSolutionNode = FALSE
	EndGlobalSection
	GlobalSection(ExtensibilityGlobals) = postSolution
		SolutionGuid = {0A60FEF0-6DB6-4866-8F9B-E0E1BB1100ED}
	EndGlobalSection
EndGlobal
